// !$*UTF8*$!
{
	archiveVersion = 1;
	classes = {
	};
	objectVersion = 55;
	objects = {

/* Begin PBXBuildFile section */
		520E16172800B03C00001999 /* UIColor+Extensions.swift in Sources */ = {isa = PBXBuildFile; fileRef = 520E16162800B03C00001999 /* UIColor+Extensions.swift */; };
		520E16192800B5B600001999 /* NSMutableAttributedString+Extensions.swift in Sources */ = {isa = PBXBuildFile; fileRef = 520E16182800B5B600001999 /* NSMutableAttributedString+Extensions.swift */; };
		520F9BB127F0CAF700605244 /* AppDelegate.swift in Sources */ = {isa = PBXBuildFile; fileRef = 520F9BB027F0CAF700605244 /* AppDelegate.swift */; };
		520F9BB327F0CAF700605244 /* SceneDelegate.swift in Sources */ = {isa = PBXBuildFile; fileRef = 520F9BB227F0CAF700605244 /* SceneDelegate.swift */; };
		520F9BB527F0CAF700605244 /* MovieDetailsViewController.swift in Sources */ = {isa = PBXBuildFile; fileRef = 520F9BB427F0CAF700605244 /* MovieDetailsViewController.swift */; };
		520F9BBA27F0CAF800605244 /* Assets.xcassets in Resources */ = {isa = PBXBuildFile; fileRef = 520F9BB927F0CAF800605244 /* Assets.xcassets */; };
		520F9BC627F0E2BA00605244 /* SnapKit in Frameworks */ = {isa = PBXBuildFile; productRef = 520F9BC527F0E2BA00605244 /* SnapKit */; };
		520F9BC927F0F58100605244 /* TitleSubtitleCell.swift in Sources */ = {isa = PBXBuildFile; fileRef = 520F9BC827F0F58100605244 /* TitleSubtitleCell.swift */; };
		525DDF1727F4D129002ED67A /* LeadingHorizontalStack.swift in Sources */ = {isa = PBXBuildFile; fileRef = 525DDF1627F4D129002ED67A /* LeadingHorizontalStack.swift */; };
		52D6FDBD27F1CEBA007CD74A /* RoundImageBackgroundView.swift in Sources */ = {isa = PBXBuildFile; fileRef = 52D6FDBC27F1CEBA007CD74A /* RoundImageBackgroundView.swift */; };
		52D6FDBF27F1CFBF007CD74A /* OverlayImageView.swift in Sources */ = {isa = PBXBuildFile; fileRef = 52D6FDBE27F1CFBF007CD74A /* OverlayImageView.swift */; };
/* End PBXBuildFile section */

/* Begin PBXFileReference section */
		520E16162800B03C00001999 /* UIColor+Extensions.swift */ = {isa = PBXFileReference; lastKnownFileType = sourcecode.swift; path = "UIColor+Extensions.swift"; sourceTree = "<group>"; };
		520E16182800B5B600001999 /* NSMutableAttributedString+Extensions.swift */ = {isa = PBXFileReference; lastKnownFileType = sourcecode.swift; path = "NSMutableAttributedString+Extensions.swift"; sourceTree = "<group>"; };
		520F9BAD27F0CAF700605244 /* MovieApp.app */ = {isa = PBXFileReference; explicitFileType = wrapper.application; includeInIndex = 0; path = MovieApp.app; sourceTree = BUILT_PRODUCTS_DIR; };
		520F9BB027F0CAF700605244 /* AppDelegate.swift */ = {isa = PBXFileReference; lastKnownFileType = sourcecode.swift; path = AppDelegate.swift; sourceTree = "<group>"; };
		520F9BB227F0CAF700605244 /* SceneDelegate.swift */ = {isa = PBXFileReference; lastKnownFileType = sourcecode.swift; path = SceneDelegate.swift; sourceTree = "<group>"; };
		520F9BB427F0CAF700605244 /* MovieDetailsViewController.swift */ = {isa = PBXFileReference; lastKnownFileType = sourcecode.swift; path = MovieDetailsViewController.swift; sourceTree = "<group>"; };
		520F9BB927F0CAF800605244 /* Assets.xcassets */ = {isa = PBXFileReference; lastKnownFileType = folder.assetcatalog; path = Assets.xcassets; sourceTree = "<group>"; };
		520F9BBE27F0CAF800605244 /* Info.plist */ = {isa = PBXFileReference; lastKnownFileType = text.plist.xml; path = Info.plist; sourceTree = "<group>"; };
		520F9BC827F0F58100605244 /* TitleSubtitleCell.swift */ = {isa = PBXFileReference; lastKnownFileType = sourcecode.swift; path = TitleSubtitleCell.swift; sourceTree = "<group>"; };
		525DDF1627F4D129002ED67A /* LeadingHorizontalStack.swift */ = {isa = PBXFileReference; lastKnownFileType = sourcecode.swift; path = LeadingHorizontalStack.swift; sourceTree = "<group>"; };
		52D6FDBC27F1CEBA007CD74A /* RoundImageBackgroundView.swift */ = {isa = PBXFileReference; lastKnownFileType = sourcecode.swift; path = RoundImageBackgroundView.swift; sourceTree = "<group>"; };
		52D6FDBE27F1CFBF007CD74A /* OverlayImageView.swift */ = {isa = PBXFileReference; lastKnownFileType = sourcecode.swift; path = OverlayImageView.swift; sourceTree = "<group>"; };
/* End PBXFileReference section */

/* Begin PBXFrameworksBuildPhase section */
		520F9BAA27F0CAF700605244 /* Frameworks */ = {
			isa = PBXFrameworksBuildPhase;
			buildActionMask = 2147483647;
			files = (
				520F9BC627F0E2BA00605244 /* SnapKit in Frameworks */,
			);
			runOnlyForDeploymentPostprocessing = 0;
		};
/* End PBXFrameworksBuildPhase section */

/* Begin PBXGroup section */
		520E16152800B01400001999 /* Extensions */ = {
			isa = PBXGroup;
			children = (
				520E16162800B03C00001999 /* UIColor+Extensions.swift */,
				520E16182800B5B600001999 /* NSMutableAttributedString+Extensions.swift */,
			);
			path = Extensions;
			sourceTree = "<group>";
		};
		520F9BA427F0CAF700605244 = {
			isa = PBXGroup;
			children = (
				520F9BAF27F0CAF700605244 /* MovieApp */,
				520F9BAE27F0CAF700605244 /* Products */,
			);
			sourceTree = "<group>";
		};
		520F9BAE27F0CAF700605244 /* Products */ = {
			isa = PBXGroup;
			children = (
				520F9BAD27F0CAF700605244 /* MovieApp.app */,
			);
			name = Products;
			sourceTree = "<group>";
		};
		520F9BAF27F0CAF700605244 /* MovieApp */ = {
			isa = PBXGroup;
			children = (
				520F9BB027F0CAF700605244 /* AppDelegate.swift */,
				520F9BB227F0CAF700605244 /* SceneDelegate.swift */,
				520E16152800B01400001999 /* Extensions */,
				520F9BCA27F0F63400605244 /* ViewControllers */,
				520F9BC727F0F54900605244 /* Views */,
				520F9BB927F0CAF800605244 /* Assets.xcassets */,
				520F9BBE27F0CAF800605244 /* Info.plist */,
			);
			path = MovieApp;
			sourceTree = "<group>";
		};
		520F9BC727F0F54900605244 /* Views */ = {
			isa = PBXGroup;
			children = (
				520F9BC827F0F58100605244 /* TitleSubtitleCell.swift */,
				52D6FDBC27F1CEBA007CD74A /* RoundImageBackgroundView.swift */,
				52D6FDBE27F1CFBF007CD74A /* OverlayImageView.swift */,
				525DDF1627F4D129002ED67A /* LeadingHorizontalStack.swift */,
			);
			path = Views;
			sourceTree = "<group>";
		};
		520F9BCA27F0F63400605244 /* ViewControllers */ = {
			isa = PBXGroup;
			children = (
				520F9BB427F0CAF700605244 /* MovieDetailsViewController.swift */,
			);
			path = ViewControllers;
			sourceTree = "<group>";
		};
/* End PBXGroup section */

/* Begin PBXNativeTarget section */
		520F9BAC27F0CAF700605244 /* MovieApp */ = {
			isa = PBXNativeTarget;
			buildConfigurationList = 520F9BC127F0CAF800605244 /* Build configuration list for PBXNativeTarget "MovieApp" */;
			buildPhases = (
				520F9BA927F0CAF700605244 /* Sources */,
				520F9BAA27F0CAF700605244 /* Frameworks */,
				520F9BAB27F0CAF700605244 /* Resources */,
			);
			buildRules = (
			);
			dependencies = (
			);
			name = MovieApp;
			packageProductDependencies = (
				520F9BC527F0E2BA00605244 /* SnapKit */,
			);
			productName = MovieApp;
			productReference = 520F9BAD27F0CAF700605244 /* MovieApp.app */;
			productType = "com.apple.product-type.application";
		};
/* End PBXNativeTarget section */

/* Begin PBXProject section */
		520F9BA527F0CAF700605244 /* Project object */ = {
			isa = PBXProject;
			attributes = {
				BuildIndependentTargetsInParallel = 1;
				LastSwiftUpdateCheck = 1320;
				LastUpgradeCheck = 1320;
				TargetAttributes = {
					520F9BAC27F0CAF700605244 = {
						CreatedOnToolsVersion = 13.2.1;
					};
				};
			};
			buildConfigurationList = 520F9BA827F0CAF700605244 /* Build configuration list for PBXProject "MovieApp" */;
			compatibilityVersion = "Xcode 13.0";
			developmentRegion = en;
			hasScannedForEncodings = 0;
			knownRegions = (
				en,
				Base,
			);
			mainGroup = 520F9BA427F0CAF700605244;
			packageReferences = (
				520F9BC427F0E2BA00605244 /* XCRemoteSwiftPackageReference "SnapKit" */,
			);
			productRefGroup = 520F9BAE27F0CAF700605244 /* Products */;
			projectDirPath = "";
			projectRoot = "";
			targets = (
				520F9BAC27F0CAF700605244 /* MovieApp */,
			);
		};
/* End PBXProject section */

/* Begin PBXResourcesBuildPhase section */
		520F9BAB27F0CAF700605244 /* Resources */ = {
			isa = PBXResourcesBuildPhase;
			buildActionMask = 2147483647;
			files = (
				520F9BBA27F0CAF800605244 /* Assets.xcassets in Resources */,
			);
			runOnlyForDeploymentPostprocessing = 0;
		};
/* End PBXResourcesBuildPhase section */

/* Begin PBXSourcesBuildPhase section */
		520F9BA927F0CAF700605244 /* Sources */ = {
			isa = PBXSourcesBuildPhase;
			buildActionMask = 2147483647;
			files = (
				520F9BB527F0CAF700605244 /* MovieDetailsViewController.swift in Sources */,
				520F9BB127F0CAF700605244 /* AppDelegate.swift in Sources */,
				52D6FDBF27F1CFBF007CD74A /* OverlayImageView.swift in Sources */,
				520E16172800B03C00001999 /* UIColor+Extensions.swift in Sources */,
				520E16192800B5B600001999 /* NSMutableAttributedString+Extensions.swift in Sources */,
				520F9BB327F0CAF700605244 /* SceneDelegate.swift in Sources */,
				525DDF1727F4D129002ED67A /* LeadingHorizontalStack.swift in Sources */,
				520F9BC927F0F58100605244 /* TitleSubtitleCell.swift in Sources */,
				52D6FDBD27F1CEBA007CD74A /* RoundImageBackgroundView.swift in Sources */,
			);
			runOnlyForDeploymentPostprocessing = 0;
		};
/* End PBXSourcesBuildPhase section */

/* Begin XCBuildConfiguration section */
		520F9BBF27F0CAF800605244 /* Debug */ = {
			isa = XCBuildConfiguration;
			buildSettings = {
				ALWAYS_SEARCH_USER_PATHS = NO;
				CLANG_ANALYZER_NONNULL = YES;
				CLANG_ANALYZER_NUMBER_OBJECT_CONVERSION = YES_AGGRESSIVE;
				CLANG_CXX_LANGUAGE_STANDARD = "gnu++17";
				CLANG_CXX_LIBRARY = "libc++";
				CLANG_ENABLE_MODULES = YES;
				CLANG_ENABLE_OBJC_ARC = YES;
				CLANG_ENABLE_OBJC_WEAK = YES;
				CLANG_WARN_BLOCK_CAPTURE_AUTORELEASING = YES;
				CLANG_WARN_BOOL_CONVERSION = YES;
				CLANG_WARN_COMMA = YES;
				CLANG_WARN_CONSTANT_CONVERSION = YES;
				CLANG_WARN_DEPRECATED_OBJC_IMPLEMENTATIONS = YES;
				CLANG_WARN_DIRECT_OBJC_ISA_USAGE = YES_ERROR;
				CLANG_WARN_DOCUMENTATION_COMMENTS = YES;
				CLANG_WARN_EMPTY_BODY = YES;
				CLANG_WARN_ENUM_CONVERSION = YES;
				CLANG_WARN_INFINITE_RECURSION = YES;
				CLANG_WARN_INT_CONVERSION = YES;
				CLANG_WARN_NON_LITERAL_NULL_CONVERSION = YES;
				CLANG_WARN_OBJC_IMPLICIT_RETAIN_SELF = YES;
				CLANG_WARN_OBJC_LITERAL_CONVERSION = YES;
				CLANG_WARN_OBJC_ROOT_CLASS = YES_ERROR;
				CLANG_WARN_QUOTED_INCLUDE_IN_FRAMEWORK_HEADER = YES;
				CLANG_WARN_RANGE_LOOP_ANALYSIS = YES;
				CLANG_WARN_STRICT_PROTOTYPES = YES;
				CLANG_WARN_SUSPICIOUS_MOVE = YES;
				CLANG_WARN_UNGUARDED_AVAILABILITY = YES_AGGRESSIVE;
				CLANG_WARN_UNREACHABLE_CODE = YES;
				CLANG_WARN__DUPLICATE_METHOD_MATCH = YES;
				COPY_PHASE_STRIP = NO;
				DEBUG_INFORMATION_FORMAT = dwarf;
				ENABLE_STRICT_OBJC_MSGSEND = YES;
				ENABLE_TESTABILITY = YES;
				GCC_C_LANGUAGE_STANDARD = gnu11;
				GCC_DYNAMIC_NO_PIC = NO;
				GCC_NO_COMMON_BLOCKS = YES;
				GCC_OPTIMIZATION_LEVEL = 0;
				GCC_PREPROCESSOR_DEFINITIONS = (
					"DEBUG=1",
					"$(inherited)",
				);
				GCC_WARN_64_TO_32_BIT_CONVERSION = YES;
				GCC_WARN_ABOUT_RETURN_TYPE = YES_ERROR;
				GCC_WARN_UNDECLARED_SELECTOR = YES;
				GCC_WARN_UNINITIALIZED_AUTOS = YES_AGGRESSIVE;
				GCC_WARN_UNUSED_FUNCTION = YES;
				GCC_WARN_UNUSED_VARIABLE = YES;
				IPHONEOS_DEPLOYMENT_TARGET = 15.2;
				MTL_ENABLE_DEBUG_INFO = INCLUDE_SOURCE;
				MTL_FAST_MATH = YES;
				ONLY_ACTIVE_ARCH = YES;
				SDKROOT = iphoneos;
				SWIFT_ACTIVE_COMPILATION_CONDITIONS = DEBUG;
				SWIFT_OPTIMIZATION_LEVEL = "-Onone";
			};
			name = Debug;
		};
		520F9BC027F0CAF800605244 /* Release */ = {
			isa = XCBuildConfiguration;
			buildSettings = {
				ALWAYS_SEARCH_USER_PATHS = NO;
				CLANG_ANALYZER_NONNULL = YES;
				CLANG_ANALYZER_NUMBER_OBJECT_CONVERSION = YES_AGGRESSIVE;
				CLANG_CXX_LANGUAGE_STANDARD = "gnu++17";
				CLANG_CXX_LIBRARY = "libc++";
				CLANG_ENABLE_MODULES = YES;
				CLANG_ENABLE_OBJC_ARC = YES;
				CLANG_ENABLE_OBJC_WEAK = YES;
				CLANG_WARN_BLOCK_CAPTURE_AUTORELEASING = YES;
				CLANG_WARN_BOOL_CONVERSION = YES;
				CLANG_WARN_COMMA = YES;
				CLANG_WARN_CONSTANT_CONVERSION = YES;
				CLANG_WARN_DEPRECATED_OBJC_IMPLEMENTATIONS = YES;
				CLANG_WARN_DIRECT_OBJC_ISA_USAGE = YES_ERROR;
				CLANG_WARN_DOCUMENTATION_COMMENTS = YES;
				CLANG_WARN_EMPTY_BODY = YES;
				CLANG_WARN_ENUM_CONVERSION = YES;
				CLANG_WARN_INFINITE_RECURSION = YES;
				CLANG_WARN_INT_CONVERSION = YES;
				CLANG_WARN_NON_LITERAL_NULL_CONVERSION = YES;
				CLANG_WARN_OBJC_IMPLICIT_RETAIN_SELF = YES;
				CLANG_WARN_OBJC_LITERAL_CONVERSION = YES;
				CLANG_WARN_OBJC_ROOT_CLASS = YES_ERROR;
				CLANG_WARN_QUOTED_INCLUDE_IN_FRAMEWORK_HEADER = YES;
				CLANG_WARN_RANGE_LOOP_ANALYSIS = YES;
				CLANG_WARN_STRICT_PROTOTYPES = YES;
				CLANG_WARN_SUSPICIOUS_MOVE = YES;
				CLANG_WARN_UNGUARDED_AVAILABILITY = YES_AGGRESSIVE;
				CLANG_WARN_UNREACHABLE_CODE = YES;
				CLANG_WARN__DUPLICATE_METHOD_MATCH = YES;
				COPY_PHASE_STRIP = NO;
				DEBUG_INFORMATION_FORMAT = "dwarf-with-dsym";
				ENABLE_NS_ASSERTIONS = NO;
				ENABLE_STRICT_OBJC_MSGSEND = YES;
				GCC_C_LANGUAGE_STANDARD = gnu11;
				GCC_NO_COMMON_BLOCKS = YES;
				GCC_WARN_64_TO_32_BIT_CONVERSION = YES;
				GCC_WARN_ABOUT_RETURN_TYPE = YES_ERROR;
				GCC_WARN_UNDECLARED_SELECTOR = YES;
				GCC_WARN_UNINITIALIZED_AUTOS = YES_AGGRESSIVE;
				GCC_WARN_UNUSED_FUNCTION = YES;
				GCC_WARN_UNUSED_VARIABLE = YES;
				IPHONEOS_DEPLOYMENT_TARGET = 15.2;
				MTL_ENABLE_DEBUG_INFO = NO;
				MTL_FAST_MATH = YES;
				SDKROOT = iphoneos;
				SWIFT_COMPILATION_MODE = wholemodule;
				SWIFT_OPTIMIZATION_LEVEL = "-O";
				VALIDATE_PRODUCT = YES;
			};
			name = Release;
		};
		520F9BC227F0CAF800605244 /* Debug */ = {
			isa = XCBuildConfiguration;
			buildSettings = {
				ASSETCATALOG_COMPILER_APPICON_NAME = AppIcon;
				ASSETCATALOG_COMPILER_GLOBAL_ACCENT_COLOR_NAME = AccentColor;
				CODE_SIGN_STYLE = Automatic;
				CURRENT_PROJECT_VERSION = 1;
				GENERATE_INFOPLIST_FILE = YES;
				INFOPLIST_FILE = MovieApp/Info.plist;
				INFOPLIST_KEY_UIApplicationSupportsIndirectInputEvents = YES;
				INFOPLIST_KEY_UILaunchStoryboardName = LaunchScreen;
				INFOPLIST_KEY_UISupportedInterfaceOrientations_iPad = "UIInterfaceOrientationPortrait UIInterfaceOrientationPortraitUpsideDown UIInterfaceOrientationLandscapeLeft UIInterfaceOrientationLandscapeRight";
				INFOPLIST_KEY_UISupportedInterfaceOrientations_iPhone = "UIInterfaceOrientationPortrait UIInterfaceOrientationLandscapeLeft UIInterfaceOrientationLandscapeRight";
				LD_RUNPATH_SEARCH_PATHS = (
					"$(inherited)",
					"@executable_path/Frameworks",
				);
				MARKETING_VERSION = 1.0;
				PRODUCT_BUNDLE_IDENTIFIER = hr.fer.supe.josipa.MovieApp;
				PRODUCT_NAME = "$(TARGET_NAME)";
				SWIFT_EMIT_LOC_STRINGS = YES;
				SWIFT_VERSION = 5.0;
				TARGETED_DEVICE_FAMILY = "1,2";
			};
			name = Debug;
		};
		520F9BC327F0CAF800605244 /* Release */ = {
			isa = XCBuildConfiguration;
			buildSettings = {
				ASSETCATALOG_COMPILER_APPICON_NAME = AppIcon;
				ASSETCATALOG_COMPILER_GLOBAL_ACCENT_COLOR_NAME = AccentColor;
				CODE_SIGN_STYLE = Automatic;
				CURRENT_PROJECT_VERSION = 1;
				GENERATE_INFOPLIST_FILE = YES;
				INFOPLIST_FILE = MovieApp/Info.plist;
				INFOPLIST_KEY_UIApplicationSupportsIndirectInputEvents = YES;
				INFOPLIST_KEY_UILaunchStoryboardName = LaunchScreen;
				INFOPLIST_KEY_UISupportedInterfaceOrientations_iPad = "UIInterfaceOrientationPortrait UIInterfaceOrientationPortraitUpsideDown UIInterfaceOrientationLandscapeLeft UIInterfaceOrientationLandscapeRight";
				INFOPLIST_KEY_UISupportedInterfaceOrientations_iPhone = "UIInterfaceOrientationPortrait UIInterfaceOrientationLandscapeLeft UIInterfaceOrientationLandscapeRight";
				LD_RUNPATH_SEARCH_PATHS = (
					"$(inherited)",
					"@executable_path/Frameworks",
				);
				MARKETING_VERSION = 1.0;
				PRODUCT_BUNDLE_IDENTIFIER = hr.fer.supe.josipa.MovieApp;
				PRODUCT_NAME = "$(TARGET_NAME)";
				SWIFT_EMIT_LOC_STRINGS = YES;
				SWIFT_VERSION = 5.0;
				TARGETED_DEVICE_FAMILY = "1,2";
			};
			name = Release;
		};
/* End XCBuildConfiguration section */

/* Begin XCConfigurationList section */
		520F9BA827F0CAF700605244 /* Build configuration list for PBXProject "MovieApp" */ = {
			isa = XCConfigurationList;
			buildConfigurations = (
				520F9BBF27F0CAF800605244 /* Debug */,
				520F9BC027F0CAF800605244 /* Release */,
			);
			defaultConfigurationIsVisible = 0;
			defaultConfigurationName = Release;
		};
		520F9BC127F0CAF800605244 /* Build configuration list for PBXNativeTarget "MovieApp" */ = {
			isa = XCConfigurationList;
			buildConfigurations = (
				520F9BC227F0CAF800605244 /* Debug */,
				520F9BC327F0CAF800605244 /* Release */,
			);
			defaultConfigurationIsVisible = 0;
			defaultConfigurationName = Release;
		};
/* End XCConfigurationList section */

/* Begin XCRemoteSwiftPackageReference section */
		520F9BC427F0E2BA00605244 /* XCRemoteSwiftPackageReference "SnapKit" */ = {
			isa = XCRemoteSwiftPackageReference;
			repositoryURL = "https://github.com/SnapKit/SnapKit.git";
			requirement = {
				kind = upToNextMajorVersion;
				minimumVersion = 5.0.0;
			};
		};
/* End XCRemoteSwiftPackageReference section */

/* Begin XCSwiftPackageProductDependency section */
		520F9BC527F0E2BA00605244 /* SnapKit */ = {
			isa = XCSwiftPackageProductDependency;
			package = 520F9BC427F0E2BA00605244 /* XCRemoteSwiftPackageReference "SnapKit" */;
			productName = SnapKit;
		};
/* End XCSwiftPackageProductDependency section */
	};
	rootObject = 520F9BA527F0CAF700605244 /* Project object */;
}
